
Microsoft Visual Studio Solution File, Format Version 12.00
# Visual Studio Version 16
VisualStudioVersion = 16.0.29911.84
MinimumVisualStudioVersion = 10.0.40219.1
Project("{FAE04EC0-301F-11D3-BF4B-00C04F79EFBC}") = "SalesWebMvc", "SalesWebMvc\SalesWebMvc.csproj", "{335EC199-7AAD-462F-A925-F5DE90446A5F}"
EndProject
Global
	GlobalSection(SolutionConfigurationPlatforms) = preSolution
		Debug|Any CPU = Debug|Any CPU
		Release|Any CPU = Release|Any CPU
	EndGlobalSection
	GlobalSection(ProjectConfigurationPlatforms) = postSolution
		{335EC199-7AAD-462F-A925-F5DE90446A5F}.Debug|Any CPU.ActiveCfg = Debug|Any CPU
		{335EC199-7AAD-462F-A925-F5DE90446A5F}.Debug|Any CPU.Build.0 = Debug|Any CPU
		{335EC199-7AAD-462F-A925-F5DE90446A5F}.Release|Any CPU.ActiveCfg = Release|Any CPU
		{335EC199-7AAD-462F-A925-F5DE90446A5F}.Release|Any CPU.Build.0 = Release|Any CPU
	EndGlobalSection
	GlobalSection(SolutionProperties) = preSolution
		HideSolutionNode = FALSE
	EndGlobalSection
	GlobalSection(ExtensibilityGlobals) = postSolution
		SolutionGuid = {3428B680-CE46-4678-B9C8-4F6C28ECEF4B}
	EndGlobalSection
EndGlobal
